
Microsoft Visual Studio Solution File, Format Version 12.00
# Visual Studio Version 17
VisualStudioVersion = 17.5.33530.505
MinimumVisualStudioVersion = 10.0.40219.1
Project("{FAE04EC0-301F-11D3-BF4B-00C04F79EFBC}") = "NoCaveBuilding", "NoCaveBuilding.csproj", "{CFFB6B23-5A86-4D1D-84F9-AF0A65E01EF5}"
EndProject
Global
	GlobalSection(SolutionConfigurationPlatforms) = preSolution
		Debug|Any CPU = Debug|Any CPU
		Release|Any CPU = Release|Any CPU
	EndGlobalSection
	GlobalSection(ProjectConfigurationPlatforms) = postSolution
		{CFFB6B23-5A86-4D1D-84F9-AF0A65E01EF5}.Debug|Any CPU.ActiveCfg = Debug|Any CPU
		{CFFB6B23-5A86-4D1D-84F9-AF0A65E01EF5}.Debug|Any CPU.Build.0 = Debug|Any CPU
		{CFFB6B23-5A86-4D1D-84F9-AF0A65E01EF5}.Release|Any CPU.ActiveCfg = Release|Any CPU
		{CFFB6B23-5A86-4D1D-84F9-AF0A65E01EF5}.Release|Any CPU.Build.0 = Release|Any CPU
	EndGlobalSection
	GlobalSection(SolutionProperties) = preSolution
		HideSolutionNode = FALSE
	EndGlobalSection
	GlobalSection(ExtensibilityGlobals) = postSolution
		SolutionGuid = {92C77989-4C4C-489D-9307-4E7734A57DB6}
	EndGlobalSection
EndGlobal
